
Microsoft Visual Studio Solution File, Format Version 12.00
# Visual Studio Version 16
VisualStudioVersion = 16.0.31019.35
MinimumVisualStudioVersion = 10.0.40219.1
Project("{FAE04EC0-301F-11D3-BF4B-00C04F79EFBC}") = "Abstract and Interface", "Abstract and Interface.csproj", "{56797DFA-03EB-4D74-A617-8D8357BB3991}"
EndProject
Global
	GlobalSection(SolutionConfigurationPlatforms) = preSolution
		Debug|Any CPU = Debug|Any CPU
		Release|Any CPU = Release|Any CPU
	EndGlobalSection
	GlobalSection(ProjectConfigurationPlatforms) = postSolution
		{56797DFA-03EB-4D74-A617-8D8357BB3991}.Debug|Any CPU.ActiveCfg = Debug|Any CPU
		{56797DFA-03EB-4D74-A617-8D8357BB3991}.Debug|Any CPU.Build.0 = Debug|Any CPU
		{56797DFA-03EB-4D74-A617-8D8357BB3991}.Release|Any CPU.ActiveCfg = Release|Any CPU
		{56797DFA-03EB-4D74-A617-8D8357BB3991}.Release|Any CPU.Build.0 = Release|Any CPU
	EndGlobalSection
	GlobalSection(SolutionProperties) = preSolution
		HideSolutionNode = FALSE
	EndGlobalSection
	GlobalSection(ExtensibilityGlobals) = postSolution
		SolutionGuid = {30DB1AF7-AFC3-4BA9-9184-29C52CCC3D12}
	EndGlobalSection
EndGlobal
