
Microsoft Visual Studio Solution File, Format Version 12.00
# Visual Studio Version 16
VisualStudioVersion = 16.0.31019.35
MinimumVisualStudioVersion = 10.0.40219.1
Project("{FAE04EC0-301F-11D3-BF4B-00C04F79EFBC}") = "NunitSample", "NunitSample.csproj", "{0C2D4A22-A5A9-4B56-A5DD-ED7FDAD09254}"
EndProject
Global
	GlobalSection(SolutionConfigurationPlatforms) = preSolution
		Debug|Any CPU = Debug|Any CPU
		Release|Any CPU = Release|Any CPU
	EndGlobalSection
	GlobalSection(ProjectConfigurationPlatforms) = postSolution
		{0C2D4A22-A5A9-4B56-A5DD-ED7FDAD09254}.Debug|Any CPU.ActiveCfg = Debug|Any CPU
		{0C2D4A22-A5A9-4B56-A5DD-ED7FDAD09254}.Debug|Any CPU.Build.0 = Debug|Any CPU
		{0C2D4A22-A5A9-4B56-A5DD-ED7FDAD09254}.Release|Any CPU.ActiveCfg = Release|Any CPU
		{0C2D4A22-A5A9-4B56-A5DD-ED7FDAD09254}.Release|Any CPU.Build.0 = Release|Any CPU
	EndGlobalSection
	GlobalSection(SolutionProperties) = preSolution
		HideSolutionNode = FALSE
	EndGlobalSection
	GlobalSection(ExtensibilityGlobals) = postSolution
		SolutionGuid = {330CBCB2-0158-4F75-8763-E431ADDAB519}
	EndGlobalSection
EndGlobal
